{
  "name": "threejstest",
  "version": "1.0.0",
  "lockfileVersion": 1,
  "requires": true,
  "dependencies": {
    "@types/node": {
      "version": "10.12.10",
      "resolved": "https://registry.npmjs.org/@types/node/-/node-10.12.10.tgz",
      "integrity": "sha512-8xZEYckCbUVgK8Eg7lf5Iy4COKJ5uXlnIOnePN0WUwSQggy9tolM+tDJf7wMOnT/JT/W9xDYIaYggt3mRV2O5w==",
      "dev": true
    },
    "@types/pixi.js": {
      "version": "4.8.3",
      "resolved": "https://registry.npmjs.org/@types/pixi.js/-/pixi.js-4.8.3.tgz",
      "integrity": "sha512-2vqJMn7z5wd9i4dTgoZzvElsh+0sd5P+4N29M45s2h1Q/yLydRDKmwFHjvbP1gFKOo+4BTDmGCwtvW1LbKILhw=="
    },
    "@types/three": {
      "version": "0.93.10",
      "resolved": "https://registry.npmjs.org/@types/three/-/three-0.93.10.tgz",
      "integrity": "sha512-FW0I4X3Z05E2m6w5UvAZeJN2aEu8oWPorXIQaxAW1d0BetJHbfjp87lKTh7VUxx4oLjh9hWCt/hEX6vJp7lfmA=="
    }
  }
}
